
Microsoft Visual Studio Solution File, Format Version 12.00
# Visual Studio Version 17
VisualStudioVersion = 17.5.33627.172
MinimumVisualStudioVersion = 10.0.40219.1
Project("{FAE04EC0-301F-11D3-BF4B-00C04F79EFBC}") = "InheritanceApplication", "InheritanceApplication\InheritanceApplication.csproj", "{9C0EE909-15AD-4531-938C-FF89A112092F}"
EndProject
Project("{FAE04EC0-301F-11D3-BF4B-00C04F79EFBC}") = "PolymorphismApplication", "PolymorphismApplication\PolymorphismApplication.csproj", "{FB33DDC2-70F4-49F8-A5EC-C44E1C673B11}"
EndProject
Project("{FAE04EC0-301F-11D3-BF4B-00C04F79EFBC}") = "ArrayApplication", "ArrayApplication\ArrayApplication.csproj", "{CFC452AC-EF34-4AB5-9A28-62E95114D457}"
EndProject
Project("{FAE04EC0-301F-11D3-BF4B-00C04F79EFBC}") = "OperatorOvlApplication", "OperatorOvlApplication\OperatorOvlApplication.csproj", "{1CA9E317-8D2E-42D9-8ACC-A4FA8E5CEDC2}"
EndProject
Project("{9A19103F-16F7-4668-BE54-9A1E7A4F7556}") = "DelegateApplication", "DelegateApplication\DelegateApplication.csproj", "{FB93A31F-A7B2-40D4-81A6-61BD052DF42A}"
EndProject
Project("{9A19103F-16F7-4668-BE54-9A1E7A4F7556}") = "EventApplication", "EventApplication\EventApplication.csproj", "{F5A23BE7-2BB4-4206-9286-64BA02679340}"
EndProject
Project("{9A19103F-16F7-4668-BE54-9A1E7A4F7556}") = "ConsoleApp", "ConsoleApp\ConsoleApp.csproj", "{9DF5B327-81D3-44AF-8BBB-11CADB1833D0}"
EndProject
Project("{9A19103F-16F7-4668-BE54-9A1E7A4F7556}") = "TestApp", "TestApp\TestApp.csproj", "{2AADD3B9-8713-48FD-A596-67EF403C83EF}"
EndProject
Project("{9A19103F-16F7-4668-BE54-9A1E7A4F7556}") = "InheritanceApp", "InheritanceApp\InheritanceApp.csproj", "{0F81773E-32F6-4380-989B-7B67A134525D}"
EndProject
Project("{9A19103F-16F7-4668-BE54-9A1E7A4F7556}") = "FileApp", "FileApp\FileApp.csproj", "{9D555B91-0FF3-4735-8EF4-0D5EC1A4E8F7}"
EndProject
Project("{FAE04EC0-301F-11D3-BF4B-00C04F79EFBC}") = "CollectionApp", "CollectionApp\CollectionApp.csproj", "{5E2348DA-6B73-40A0-82EB-0DB481AAEE36}"
EndProject
Global
	GlobalSection(SolutionConfigurationPlatforms) = preSolution
		Debug|Any CPU = Debug|Any CPU
		Debug|x64 = Debug|x64
		Debug|x86 = Debug|x86
		Release|Any CPU = Release|Any CPU
		Release|x64 = Release|x64
		Release|x86 = Release|x86
	EndGlobalSection
	GlobalSection(ProjectConfigurationPlatforms) = postSolution
		{9C0EE909-15AD-4531-938C-FF89A112092F}.Debug|Any CPU.ActiveCfg = Debug|x64
		{9C0EE909-15AD-4531-938C-FF89A112092F}.Debug|Any CPU.Build.0 = Debug|x64
		{9C0EE909-15AD-4531-938C-FF89A112092F}.Debug|x64.ActiveCfg = Debug|x64
		{9C0EE909-15AD-4531-938C-FF89A112092F}.Debug|x64.Build.0 = Debug|x64
		{9C0EE909-15AD-4531-938C-FF89A112092F}.Debug|x86.ActiveCfg = Debug|x86
		{9C0EE909-15AD-4531-938C-FF89A112092F}.Debug|x86.Build.0 = Debug|x86
		{9C0EE909-15AD-4531-938C-FF89A112092F}.Release|Any CPU.ActiveCfg = Release|x64
		{9C0EE909-15AD-4531-938C-FF89A112092F}.Release|Any CPU.Build.0 = Release|x64
		{9C0EE909-15AD-4531-938C-FF89A112092F}.Release|x64.ActiveCfg = Release|x64
		{9C0EE909-15AD-4531-938C-FF89A112092F}.Release|x64.Build.0 = Release|x64
		{9C0EE909-15AD-4531-938C-FF89A112092F}.Release|x86.ActiveCfg = Release|x86
		{9C0EE909-15AD-4531-938C-FF89A112092F}.Release|x86.Build.0 = Release|x86
		{FB33DDC2-70F4-49F8-A5EC-C44E1C673B11}.Debug|Any CPU.ActiveCfg = Debug|x64
		{FB33DDC2-70F4-49F8-A5EC-C44E1C673B11}.Debug|Any CPU.Build.0 = Debug|x64
		{FB33DDC2-70F4-49F8-A5EC-C44E1C673B11}.Debug|x64.ActiveCfg = Debug|x64
		{FB33DDC2-70F4-49F8-A5EC-C44E1C673B11}.Debug|x64.Build.0 = Debug|x64
		{FB33DDC2-70F4-49F8-A5EC-C44E1C673B11}.Debug|x86.ActiveCfg = Debug|x86
		{FB33DDC2-70F4-49F8-A5EC-C44E1C673B11}.Debug|x86.Build.0 = Debug|x86
		{FB33DDC2-70F4-49F8-A5EC-C44E1C673B11}.Release|Any CPU.ActiveCfg = Release|x64
		{FB33DDC2-70F4-49F8-A5EC-C44E1C673B11}.Release|Any CPU.Build.0 = Release|x64
		{FB33DDC2-70F4-49F8-A5EC-C44E1C673B11}.Release|x64.ActiveCfg = Release|x64
		{FB33DDC2-70F4-49F8-A5EC-C44E1C673B11}.Release|x64.Build.0 = Release|x64
		{FB33DDC2-70F4-49F8-A5EC-C44E1C673B11}.Release|x86.ActiveCfg = Release|x86
		{FB33DDC2-70F4-49F8-A5EC-C44E1C673B11}.Release|x86.Build.0 = Release|x86
		{CFC452AC-EF34-4AB5-9A28-62E95114D457}.Debug|Any CPU.ActiveCfg = Debug|x64
		{CFC452AC-EF34-4AB5-9A28-62E95114D457}.Debug|Any CPU.Build.0 = Debug|x64
		{CFC452AC-EF34-4AB5-9A28-62E95114D457}.Debug|x64.ActiveCfg = Debug|x64
		{CFC452AC-EF34-4AB5-9A28-62E95114D457}.Debug|x64.Build.0 = Debug|x64
		{CFC452AC-EF34-4AB5-9A28-62E95114D457}.Debug|x86.ActiveCfg = Debug|x86
		{CFC452AC-EF34-4AB5-9A28-62E95114D457}.Debug|x86.Build.0 = Debug|x86
		{CFC452AC-EF34-4AB5-9A28-62E95114D457}.Release|Any CPU.ActiveCfg = Release|x64
		{CFC452AC-EF34-4AB5-9A28-62E95114D457}.Release|Any CPU.Build.0 = Release|x64
		{CFC452AC-EF34-4AB5-9A28-62E95114D457}.Release|x64.ActiveCfg = Release|x64
		{CFC452AC-EF34-4AB5-9A28-62E95114D457}.Release|x64.Build.0 = Release|x64
		{CFC452AC-EF34-4AB5-9A28-62E95114D457}.Release|x86.ActiveCfg = Release|x86
		{CFC452AC-EF34-4AB5-9A28-62E95114D457}.Release|x86.Build.0 = Release|x86
		{1CA9E317-8D2E-42D9-8ACC-A4FA8E5CEDC2}.Debug|Any CPU.ActiveCfg = Debug|x64
		{1CA9E317-8D2E-42D9-8ACC-A4FA8E5CEDC2}.Debug|Any CPU.Build.0 = Debug|x64
		{1CA9E317-8D2E-42D9-8ACC-A4FA8E5CEDC2}.Debug|x64.ActiveCfg = Debug|x64
		{1CA9E317-8D2E-42D9-8ACC-A4FA8E5CEDC2}.Debug|x64.Build.0 = Debug|x64
		{1CA9E317-8D2E-42D9-8ACC-A4FA8E5CEDC2}.Debug|x86.ActiveCfg = Debug|x86
		{1CA9E317-8D2E-42D9-8ACC-A4FA8E5CEDC2}.Debug|x86.Build.0 = Debug|x86
		{1CA9E317-8D2E-42D9-8ACC-A4FA8E5CEDC2}.Release|Any CPU.ActiveCfg = Release|x64
		{1CA9E317-8D2E-42D9-8ACC-A4FA8E5CEDC2}.Release|Any CPU.Build.0 = Release|x64
		{1CA9E317-8D2E-42D9-8ACC-A4FA8E5CEDC2}.Release|x64.ActiveCfg = Release|x64
		{1CA9E317-8D2E-42D9-8ACC-A4FA8E5CEDC2}.Release|x64.Build.0 = Release|x64
		{1CA9E317-8D2E-42D9-8ACC-A4FA8E5CEDC2}.Release|x86.ActiveCfg = Release|x86
		{1CA9E317-8D2E-42D9-8ACC-A4FA8E5CEDC2}.Release|x86.Build.0 = Release|x86
		{FB93A31F-A7B2-40D4-81A6-61BD052DF42A}.Debug|Any CPU.ActiveCfg = Debug|Any CPU
		{FB93A31F-A7B2-40D4-81A6-61BD052DF42A}.Debug|Any CPU.Build.0 = Debug|Any CPU
		{FB93A31F-A7B2-40D4-81A6-61BD052DF42A}.Debug|x64.ActiveCfg = Debug|Any CPU
		{FB93A31F-A7B2-40D4-81A6-61BD052DF42A}.Debug|x64.Build.0 = Debug|Any CPU
		{FB93A31F-A7B2-40D4-81A6-61BD052DF42A}.Debug|x86.ActiveCfg = Debug|Any CPU
		{FB93A31F-A7B2-40D4-81A6-61BD052DF42A}.Debug|x86.Build.0 = Debug|Any CPU
		{FB93A31F-A7B2-40D4-81A6-61BD052DF42A}.Release|Any CPU.ActiveCfg = Release|Any CPU
		{FB93A31F-A7B2-40D4-81A6-61BD052DF42A}.Release|Any CPU.Build.0 = Release|Any CPU
		{FB93A31F-A7B2-40D4-81A6-61BD052DF42A}.Release|x64.ActiveCfg = Release|Any CPU
		{FB93A31F-A7B2-40D4-81A6-61BD052DF42A}.Release|x64.Build.0 = Release|Any CPU
		{FB93A31F-A7B2-40D4-81A6-61BD052DF42A}.Release|x86.ActiveCfg = Release|Any CPU
		{FB93A31F-A7B2-40D4-81A6-61BD052DF42A}.Release|x86.Build.0 = Release|Any CPU
		{F5A23BE7-2BB4-4206-9286-64BA02679340}.Debug|Any CPU.ActiveCfg = Debug|Any CPU
		{F5A23BE7-2BB4-4206-9286-64BA02679340}.Debug|Any CPU.Build.0 = Debug|Any CPU
		{F5A23BE7-2BB4-4206-9286-64BA02679340}.Debug|x64.ActiveCfg = Debug|Any CPU
		{F5A23BE7-2BB4-4206-9286-64BA02679340}.Debug|x64.Build.0 = Debug|Any CPU
		{F5A23BE7-2BB4-4206-9286-64BA02679340}.Debug|x86.ActiveCfg = Debug|Any CPU
		{F5A23BE7-2BB4-4206-9286-64BA02679340}.Debug|x86.Build.0 = Debug|Any CPU
		{F5A23BE7-2BB4-4206-9286-64BA02679340}.Release|Any CPU.ActiveCfg = Release|Any CPU
		{F5A23BE7-2BB4-4206-9286-64BA02679340}.Release|Any CPU.Build.0 = Release|Any CPU
		{F5A23BE7-2BB4-4206-9286-64BA02679340}.Release|x64.ActiveCfg = Release|Any CPU
		{F5A23BE7-2BB4-4206-9286-64BA02679340}.Release|x64.Build.0 = Release|Any CPU
		{F5A23BE7-2BB4-4206-9286-64BA02679340}.Release|x86.ActiveCfg = Release|Any CPU
		{F5A23BE7-2BB4-4206-9286-64BA02679340}.Release|x86.Build.0 = Release|Any CPU
		{9DF5B327-81D3-44AF-8BBB-11CADB1833D0}.Debug|Any CPU.ActiveCfg = Debug|Any CPU
		{9DF5B327-81D3-44AF-8BBB-11CADB1833D0}.Debug|Any CPU.Build.0 = Debug|Any CPU
		{9DF5B327-81D3-44AF-8BBB-11CADB1833D0}.Debug|x64.ActiveCfg = Debug|Any CPU
		{9DF5B327-81D3-44AF-8BBB-11CADB1833D0}.Debug|x64.Build.0 = Debug|Any CPU
		{9DF5B327-81D3-44AF-8BBB-11CADB1833D0}.Debug|x86.ActiveCfg = Debug|Any CPU
		{9DF5B327-81D3-44AF-8BBB-11CADB1833D0}.Debug|x86.Build.0 = Debug|Any CPU
		{9DF5B327-81D3-44AF-8BBB-11CADB1833D0}.Release|Any CPU.ActiveCfg = Release|Any CPU
		{9DF5B327-81D3-44AF-8BBB-11CADB1833D0}.Release|Any CPU.Build.0 = Release|Any CPU
		{9DF5B327-81D3-44AF-8BBB-11CADB1833D0}.Release|x64.ActiveCfg = Release|Any CPU
		{9DF5B327-81D3-44AF-8BBB-11CADB1833D0}.Release|x64.Build.0 = Release|Any CPU
		{9DF5B327-81D3-44AF-8BBB-11CADB1833D0}.Release|x86.ActiveCfg = Release|Any CPU
		{9DF5B327-81D3-44AF-8BBB-11CADB1833D0}.Release|x86.Build.0 = Release|Any CPU
		{2AADD3B9-8713-48FD-A596-67EF403C83EF}.Debug|Any CPU.ActiveCfg = Debug|Any CPU
		{2AADD3B9-8713-48FD-A596-67EF403C83EF}.Debug|Any CPU.Build.0 = Debug|Any CPU
		{2AADD3B9-8713-48FD-A596-67EF403C83EF}.Debug|x64.ActiveCfg = Debug|Any CPU
		{2AADD3B9-8713-48FD-A596-67EF403C83EF}.Debug|x64.Build.0 = Debug|Any CPU
		{2AADD3B9-8713-48FD-A596-67EF403C83EF}.Debug|x86.ActiveCfg = Debug|Any CPU
		{2AADD3B9-8713-48FD-A596-67EF403C83EF}.Debug|x86.Build.0 = Debug|Any CPU
		{2AADD3B9-8713-48FD-A596-67EF403C83EF}.Release|Any CPU.ActiveCfg = Release|Any CPU
		{2AADD3B9-8713-48FD-A596-67EF403C83EF}.Release|Any CPU.Build.0 = Release|Any CPU
		{2AADD3B9-8713-48FD-A596-67EF403C83EF}.Release|x64.ActiveCfg = Release|Any CPU
		{2AADD3B9-8713-48FD-A596-67EF403C83EF}.Release|x64.Build.0 = Release|Any CPU
		{2AADD3B9-8713-48FD-A596-67EF403C83EF}.Release|x86.ActiveCfg = Release|Any CPU
		{2AADD3B9-8713-48FD-A596-67EF403C83EF}.Release|x86.Build.0 = Release|Any CPU
		{0F81773E-32F6-4380-989B-7B67A134525D}.Debug|Any CPU.ActiveCfg = Debug|Any CPU
		{0F81773E-32F6-4380-989B-7B67A134525D}.Debug|Any CPU.Build.0 = Debug|Any CPU
		{0F81773E-32F6-4380-989B-7B67A134525D}.Debug|x64.ActiveCfg = Debug|Any CPU
		{0F81773E-32F6-4380-989B-7B67A134525D}.Debug|x64.Build.0 = Debug|Any CPU
		{0F81773E-32F6-4380-989B-7B67A134525D}.Debug|x86.ActiveCfg = Debug|Any CPU
		{0F81773E-32F6-4380-989B-7B67A134525D}.Debug|x86.Build.0 = Debug|Any CPU
		{0F81773E-32F6-4380-989B-7B67A134525D}.Release|Any CPU.ActiveCfg = Release|Any CPU
		{0F81773E-32F6-4380-989B-7B67A134525D}.Release|Any CPU.Build.0 = Release|Any CPU
		{0F81773E-32F6-4380-989B-7B67A134525D}.Release|x64.ActiveCfg = Release|Any CPU
		{0F81773E-32F6-4380-989B-7B67A134525D}.Release|x64.Build.0 = Release|Any CPU
		{0F81773E-32F6-4380-989B-7B67A134525D}.Release|x86.ActiveCfg = Release|Any CPU
		{0F81773E-32F6-4380-989B-7B67A134525D}.Release|x86.Build.0 = Release|Any CPU
		{9D555B91-0FF3-4735-8EF4-0D5EC1A4E8F7}.Debug|Any CPU.ActiveCfg = Debug|Any CPU
		{9D555B91-0FF3-4735-8EF4-0D5EC1A4E8F7}.Debug|Any CPU.Build.0 = Debug|Any CPU
		{9D555B91-0FF3-4735-8EF4-0D5EC1A4E8F7}.Debug|x64.ActiveCfg = Debug|Any CPU
		{9D555B91-0FF3-4735-8EF4-0D5EC1A4E8F7}.Debug|x64.Build.0 = Debug|Any CPU
		{9D555B91-0FF3-4735-8EF4-0D5EC1A4E8F7}.Debug|x86.ActiveCfg = Debug|Any CPU
		{9D555B91-0FF3-4735-8EF4-0D5EC1A4E8F7}.Debug|x86.Build.0 = Debug|Any CPU
		{9D555B91-0FF3-4735-8EF4-0D5EC1A4E8F7}.Release|Any CPU.ActiveCfg = Release|Any CPU
		{9D555B91-0FF3-4735-8EF4-0D5EC1A4E8F7}.Release|Any CPU.Build.0 = Release|Any CPU
		{9D555B91-0FF3-4735-8EF4-0D5EC1A4E8F7}.Release|x64.ActiveCfg = Release|Any CPU
		{9D555B91-0FF3-4735-8EF4-0D5EC1A4E8F7}.Release|x64.Build.0 = Release|Any CPU
		{9D555B91-0FF3-4735-8EF4-0D5EC1A4E8F7}.Release|x86.ActiveCfg = Release|Any CPU
		{9D555B91-0FF3-4735-8EF4-0D5EC1A4E8F7}.Release|x86.Build.0 = Release|Any CPU
		{5E2348DA-6B73-40A0-82EB-0DB481AAEE36}.Debug|Any CPU.ActiveCfg = Debug|Any CPU
		{5E2348DA-6B73-40A0-82EB-0DB481AAEE36}.Debug|Any CPU.Build.0 = Debug|Any CPU
		{5E2348DA-6B73-40A0-82EB-0DB481AAEE36}.Debug|x64.ActiveCfg = Debug|Any CPU
		{5E2348DA-6B73-40A0-82EB-0DB481AAEE36}.Debug|x64.Build.0 = Debug|Any CPU
		{5E2348DA-6B73-40A0-82EB-0DB481AAEE36}.Debug|x86.ActiveCfg = Debug|Any CPU
		{5E2348DA-6B73-40A0-82EB-0DB481AAEE36}.Debug|x86.Build.0 = Debug|Any CPU
		{5E2348DA-6B73-40A0-82EB-0DB481AAEE36}.Release|Any CPU.ActiveCfg = Release|Any CPU
		{5E2348DA-6B73-40A0-82EB-0DB481AAEE36}.Release|Any CPU.Build.0 = Release|Any CPU
		{5E2348DA-6B73-40A0-82EB-0DB481AAEE36}.Release|x64.ActiveCfg = Release|Any CPU
		{5E2348DA-6B73-40A0-82EB-0DB481AAEE36}.Release|x64.Build.0 = Release|Any CPU
		{5E2348DA-6B73-40A0-82EB-0DB481AAEE36}.Release|x86.ActiveCfg = Release|Any CPU
		{5E2348DA-6B73-40A0-82EB-0DB481AAEE36}.Release|x86.Build.0 = Release|Any CPU
	EndGlobalSection
	GlobalSection(SolutionProperties) = preSolution
		HideSolutionNode = FALSE
	EndGlobalSection
	GlobalSection(ExtensibilityGlobals) = postSolution
		SolutionGuid = {B57AA746-FBC1-42AF-8C3A-8B58DFC061B0}
	EndGlobalSection
EndGlobal
