Microsoft Visual Studio Solution File, Format Version 12.00
# Visual Studio Version 17
VisualStudioVersion = 17.5.33627.172
MinimumVisualStudioVersion = 10.0.40219.1
Project("{9A19103F-16F7-4668-BE54-9A1E7A4F7556}") = "ConsoleApp", "ConsoleApp\ConsoleApp.csproj", "{9DF5B327-81D3-44AF-8BBB-11CADB1833D0}"
EndProject
Project("{9A19103F-16F7-4668-BE54-9A1E7A4F7556}") = "InheritanceApp", "InheritanceApp\InheritanceApp.csproj", "{0F81773E-32F6-4380-989B-7B67A134525D}"
EndProject
Project("{9A19103F-16F7-4668-BE54-9A1E7A4F7556}") = "FileApp", "FileApp\FileApp.csproj", "{9D555B91-0FF3-4735-8EF4-0D5EC1A4E8F7}"
EndProject
Project("{9A19103F-16F7-4668-BE54-9A1E7A4F7556}") = "CollectionApp", "CollectionApp\CollectionApp.csproj", "{5E2348DA-6B73-40A0-82EB-0DB481AAEE36}"
EndProject
Project("{9A19103F-16F7-4668-BE54-9A1E7A4F7556}") = "GenericApp", "GenericApp\GenericApp.csproj", "{5B1F33B7-5759-4029-9F84-3E78FDF45675}"
EndProject
Project("{9A19103F-16F7-4668-BE54-9A1E7A4F7556}") = "MultiThreadingApp", "MultiThreadingApp\MultiThreadingApp.csproj", "{4A3AAF7A-7B02-4ADE-B1A5-ED3B39212094}"
EndProject
Project("{9A19103F-16F7-4668-BE54-9A1E7A4F7556}") = "AsyncAwaitApp", "AsyncAwaitApp\AsyncAwaitApp.csproj", "{B6A313AB-4D6B-465A-B2CB-0AA3E8ABE07E}"
EndProject
Project("{9A19103F-16F7-4668-BE54-9A1E7A4F7556}") = "LinqApp", "LinqApp\LinqApp.csproj", "{101B1084-5121-4206-AA32-D946679EB938}"
EndProject
Project("{9A19103F-16F7-4668-BE54-9A1E7A4F7556}") = "ServerApp", "ServerApp\ServerApp.csproj", "{46D8F02E-B4A1-424B-8E29-BA248A8EBE91}"
EndProject
Project("{9A19103F-16F7-4668-BE54-9A1E7A4F7556}") = "ClientApp", "ClientApp\ClientApp.csproj", "{9F5DF965-A0C6-4C70-AAFC-747A99E949C8}"
EndProject
Project("{9A19103F-16F7-4668-BE54-9A1E7A4F7556}") = "MySqlApp", "MySqlApp\MySqlApp.csproj", "{FDABF8CF-18AF-40A0-B2DD-85E4311D449C}"
EndProject
Project("{9A19103F-16F7-4668-BE54-9A1E7A4F7556}") = "ArrayApp", "ArrayApp\ArrayApp.csproj", "{803CDA83-5D13-4817-8178-14FF2BEC33AD}"
EndProject
Project("{9A19103F-16F7-4668-BE54-9A1E7A4F7556}") = "DelegateApp", "DelegateApp\DelegateApp.csproj", "{FBA215B5-FEE4-4913-B2D9-DBAFB8243D1F}"
EndProject
Project("{9A19103F-16F7-4668-BE54-9A1E7A4F7556}") = "PolymorphismApp", "PolymorphismApp\PolymorphismApp.csproj", "{E582E879-23FB-42ED-ACBF-854E04D47984}"
EndProject
Project("{9A19103F-16F7-4668-BE54-9A1E7A4F7556}") = "EventApp", "EventApp\EventApp.csproj", "{777F42E4-39BD-419D-ADBE-A49A786BC742}"
EndProject
Project("{9A19103F-16F7-4668-BE54-9A1E7A4F7556}") = "OperatorOvlApp", "OperatorOvlApp\OperatorOvlApp.csproj", "{3737CEC7-8107-44CB-9A5D-1C814FA6AD6D}"
EndProject
Project("{9A19103F-16F7-4668-BE54-9A1E7A4F7556}") = "XUnitTestProject", "XUnitTestProject\XUnitTestProject.csproj", "{B90BB81C-330A-4AFF-8391-C9DB39553EBC}"
EndProject
Project("{FAE04EC0-301F-11D3-BF4B-00C04F79EFBC}") = "TestApp", "TestApp\TestApp.csproj", "{3091111C-7E56-4235-A9CA-C8762271DB57}"
EndProject
Global
	GlobalSection(SolutionConfigurationPlatforms) = preSolution
		Debug|Any CPU = Debug|Any CPU
		Debug|x64 = Debug|x64
		Debug|x86 = Debug|x86
		Release|Any CPU = Release|Any CPU
		Release|x64 = Release|x64
		Release|x86 = Release|x86
	EndGlobalSection
	GlobalSection(ProjectConfigurationPlatforms) = postSolution
		{9DF5B327-81D3-44AF-8BBB-11CADB1833D0}.Debug|Any CPU.ActiveCfg = Debug|Any CPU
		{9DF5B327-81D3-44AF-8BBB-11CADB1833D0}.Debug|Any CPU.Build.0 = Debug|Any CPU
		{9DF5B327-81D3-44AF-8BBB-11CADB1833D0}.Debug|x64.ActiveCfg = Debug|Any CPU
		{9DF5B327-81D3-44AF-8BBB-11CADB1833D0}.Debug|x64.Build.0 = Debug|Any CPU
		{9DF5B327-81D3-44AF-8BBB-11CADB1833D0}.Debug|x86.ActiveCfg = Debug|Any CPU
		{9DF5B327-81D3-44AF-8BBB-11CADB1833D0}.Debug|x86.Build.0 = Debug|Any CPU
		{9DF5B327-81D3-44AF-8BBB-11CADB1833D0}.Release|Any CPU.ActiveCfg = Release|Any CPU
		{9DF5B327-81D3-44AF-8BBB-11CADB1833D0}.Release|Any CPU.Build.0 = Release|Any CPU
		{9DF5B327-81D3-44AF-8BBB-11CADB1833D0}.Release|x64.ActiveCfg = Release|Any CPU
		{9DF5B327-81D3-44AF-8BBB-11CADB1833D0}.Release|x64.Build.0 = Release|Any CPU
		{9DF5B327-81D3-44AF-8BBB-11CADB1833D0}.Release|x86.ActiveCfg = Release|Any CPU
		{9DF5B327-81D3-44AF-8BBB-11CADB1833D0}.Release|x86.Build.0 = Release|Any CPU
		{0F81773E-32F6-4380-989B-7B67A134525D}.Debug|Any CPU.ActiveCfg = Debug|Any CPU
		{0F81773E-32F6-4380-989B-7B67A134525D}.Debug|Any CPU.Build.0 = Debug|Any CPU
		{0F81773E-32F6-4380-989B-7B67A134525D}.Debug|x64.ActiveCfg = Debug|Any CPU
		{0F81773E-32F6-4380-989B-7B67A134525D}.Debug|x64.Build.0 = Debug|Any CPU
		{0F81773E-32F6-4380-989B-7B67A134525D}.Debug|x86.ActiveCfg = Debug|Any CPU
		{0F81773E-32F6-4380-989B-7B67A134525D}.Debug|x86.Build.0 = Debug|Any CPU
		{0F81773E-32F6-4380-989B-7B67A134525D}.Release|Any CPU.ActiveCfg = Release|Any CPU
		{0F81773E-32F6-4380-989B-7B67A134525D}.Release|Any CPU.Build.0 = Release|Any CPU
		{0F81773E-32F6-4380-989B-7B67A134525D}.Release|x64.ActiveCfg = Release|Any CPU
		{0F81773E-32F6-4380-989B-7B67A134525D}.Release|x64.Build.0 = Release|Any CPU
		{0F81773E-32F6-4380-989B-7B67A134525D}.Release|x86.ActiveCfg = Release|Any CPU
		{0F81773E-32F6-4380-989B-7B67A134525D}.Release|x86.Build.0 = Release|Any CPU
		{9D555B91-0FF3-4735-8EF4-0D5EC1A4E8F7}.Debug|Any CPU.ActiveCfg = Debug|Any CPU
		{9D555B91-0FF3-4735-8EF4-0D5EC1A4E8F7}.Debug|Any CPU.Build.0 = Debug|Any CPU
		{9D555B91-0FF3-4735-8EF4-0D5EC1A4E8F7}.Debug|x64.ActiveCfg = Debug|Any CPU
		{9D555B91-0FF3-4735-8EF4-0D5EC1A4E8F7}.Debug|x64.Build.0 = Debug|Any CPU
		{9D555B91-0FF3-4735-8EF4-0D5EC1A4E8F7}.Debug|x86.ActiveCfg = Debug|Any CPU
		{9D555B91-0FF3-4735-8EF4-0D5EC1A4E8F7}.Debug|x86.Build.0 = Debug|Any CPU
		{9D555B91-0FF3-4735-8EF4-0D5EC1A4E8F7}.Release|Any CPU.ActiveCfg = Release|Any CPU
		{9D555B91-0FF3-4735-8EF4-0D5EC1A4E8F7}.Release|Any CPU.Build.0 = Release|Any CPU
		{9D555B91-0FF3-4735-8EF4-0D5EC1A4E8F7}.Release|x64.ActiveCfg = Release|Any CPU
		{9D555B91-0FF3-4735-8EF4-0D5EC1A4E8F7}.Release|x64.Build.0 = Release|Any CPU
		{9D555B91-0FF3-4735-8EF4-0D5EC1A4E8F7}.Release|x86.ActiveCfg = Release|Any CPU
		{9D555B91-0FF3-4735-8EF4-0D5EC1A4E8F7}.Release|x86.Build.0 = Release|Any CPU
		{5E2348DA-6B73-40A0-82EB-0DB481AAEE36}.Debug|Any CPU.ActiveCfg = Debug|Any CPU
		{5E2348DA-6B73-40A0-82EB-0DB481AAEE36}.Debug|Any CPU.Build.0 = Debug|Any CPU
		{5E2348DA-6B73-40A0-82EB-0DB481AAEE36}.Debug|x64.ActiveCfg = Debug|Any CPU
		{5E2348DA-6B73-40A0-82EB-0DB481AAEE36}.Debug|x64.Build.0 = Debug|Any CPU
		{5E2348DA-6B73-40A0-82EB-0DB481AAEE36}.Debug|x86.ActiveCfg = Debug|Any CPU
		{5E2348DA-6B73-40A0-82EB-0DB481AAEE36}.Debug|x86.Build.0 = Debug|Any CPU
		{5E2348DA-6B73-40A0-82EB-0DB481AAEE36}.Release|Any CPU.ActiveCfg = Release|Any CPU
		{5E2348DA-6B73-40A0-82EB-0DB481AAEE36}.Release|Any CPU.Build.0 = Release|Any CPU
		{5E2348DA-6B73-40A0-82EB-0DB481AAEE36}.Release|x64.ActiveCfg = Release|Any CPU
		{5E2348DA-6B73-40A0-82EB-0DB481AAEE36}.Release|x64.Build.0 = Release|Any CPU
		{5E2348DA-6B73-40A0-82EB-0DB481AAEE36}.Release|x86.ActiveCfg = Release|Any CPU
		{5E2348DA-6B73-40A0-82EB-0DB481AAEE36}.Release|x86.Build.0 = Release|Any CPU
		{5B1F33B7-5759-4029-9F84-3E78FDF45675}.Debug|Any CPU.ActiveCfg = Debug|Any CPU
		{5B1F33B7-5759-4029-9F84-3E78FDF45675}.Debug|Any CPU.Build.0 = Debug|Any CPU
		{5B1F33B7-5759-4029-9F84-3E78FDF45675}.Debug|x64.ActiveCfg = Debug|Any CPU
		{5B1F33B7-5759-4029-9F84-3E78FDF45675}.Debug|x64.Build.0 = Debug|Any CPU
		{5B1F33B7-5759-4029-9F84-3E78FDF45675}.Debug|x86.ActiveCfg = Debug|Any CPU
		{5B1F33B7-5759-4029-9F84-3E78FDF45675}.Debug|x86.Build.0 = Debug|Any CPU
		{5B1F33B7-5759-4029-9F84-3E78FDF45675}.Release|Any CPU.ActiveCfg = Release|Any CPU
		{5B1F33B7-5759-4029-9F84-3E78FDF45675}.Release|Any CPU.Build.0 = Release|Any CPU
		{5B1F33B7-5759-4029-9F84-3E78FDF45675}.Release|x64.ActiveCfg = Release|Any CPU
		{5B1F33B7-5759-4029-9F84-3E78FDF45675}.Release|x64.Build.0 = Release|Any CPU
		{5B1F33B7-5759-4029-9F84-3E78FDF45675}.Release|x86.ActiveCfg = Release|Any CPU
		{5B1F33B7-5759-4029-9F84-3E78FDF45675}.Release|x86.Build.0 = Release|Any CPU
		{4A3AAF7A-7B02-4ADE-B1A5-ED3B39212094}.Debug|Any CPU.ActiveCfg = Debug|Any CPU
		{4A3AAF7A-7B02-4ADE-B1A5-ED3B39212094}.Debug|Any CPU.Build.0 = Debug|Any CPU
		{4A3AAF7A-7B02-4ADE-B1A5-ED3B39212094}.Debug|x64.ActiveCfg = Debug|Any CPU
		{4A3AAF7A-7B02-4ADE-B1A5-ED3B39212094}.Debug|x64.Build.0 = Debug|Any CPU
		{4A3AAF7A-7B02-4ADE-B1A5-ED3B39212094}.Debug|x86.ActiveCfg = Debug|Any CPU
		{4A3AAF7A-7B02-4ADE-B1A5-ED3B39212094}.Debug|x86.Build.0 = Debug|Any CPU
		{4A3AAF7A-7B02-4ADE-B1A5-ED3B39212094}.Release|Any CPU.ActiveCfg = Release|Any CPU
		{4A3AAF7A-7B02-4ADE-B1A5-ED3B39212094}.Release|Any CPU.Build.0 = Release|Any CPU
		{4A3AAF7A-7B02-4ADE-B1A5-ED3B39212094}.Release|x64.ActiveCfg = Release|Any CPU
		{4A3AAF7A-7B02-4ADE-B1A5-ED3B39212094}.Release|x64.Build.0 = Release|Any CPU
		{4A3AAF7A-7B02-4ADE-B1A5-ED3B39212094}.Release|x86.ActiveCfg = Release|Any CPU
		{4A3AAF7A-7B02-4ADE-B1A5-ED3B39212094}.Release|x86.Build.0 = Release|Any CPU
		{B6A313AB-4D6B-465A-B2CB-0AA3E8ABE07E}.Debug|Any CPU.ActiveCfg = Debug|Any CPU
		{B6A313AB-4D6B-465A-B2CB-0AA3E8ABE07E}.Debug|Any CPU.Build.0 = Debug|Any CPU
		{B6A313AB-4D6B-465A-B2CB-0AA3E8ABE07E}.Debug|x64.ActiveCfg = Debug|Any CPU
		{B6A313AB-4D6B-465A-B2CB-0AA3E8ABE07E}.Debug|x64.Build.0 = Debug|Any CPU
		{B6A313AB-4D6B-465A-B2CB-0AA3E8ABE07E}.Debug|x86.ActiveCfg = Debug|Any CPU
		{B6A313AB-4D6B-465A-B2CB-0AA3E8ABE07E}.Debug|x86.Build.0 = Debug|Any CPU
		{B6A313AB-4D6B-465A-B2CB-0AA3E8ABE07E}.Release|Any CPU.ActiveCfg = Release|Any CPU
		{B6A313AB-4D6B-465A-B2CB-0AA3E8ABE07E}.Release|Any CPU.Build.0 = Release|Any CPU
		{B6A313AB-4D6B-465A-B2CB-0AA3E8ABE07E}.Release|x64.ActiveCfg = Release|Any CPU
		{B6A313AB-4D6B-465A-B2CB-0AA3E8ABE07E}.Release|x64.Build.0 = Release|Any CPU
		{B6A313AB-4D6B-465A-B2CB-0AA3E8ABE07E}.Release|x86.ActiveCfg = Release|Any CPU
		{B6A313AB-4D6B-465A-B2CB-0AA3E8ABE07E}.Release|x86.Build.0 = Release|Any CPU
		{101B1084-5121-4206-AA32-D946679EB938}.Debug|Any CPU.ActiveCfg = Debug|Any CPU
		{101B1084-5121-4206-AA32-D946679EB938}.Debug|Any CPU.Build.0 = Debug|Any CPU
		{101B1084-5121-4206-AA32-D946679EB938}.Debug|x64.ActiveCfg = Debug|Any CPU
		{101B1084-5121-4206-AA32-D946679EB938}.Debug|x64.Build.0 = Debug|Any CPU
		{101B1084-5121-4206-AA32-D946679EB938}.Debug|x86.ActiveCfg = Debug|Any CPU
		{101B1084-5121-4206-AA32-D946679EB938}.Debug|x86.Build.0 = Debug|Any CPU
		{101B1084-5121-4206-AA32-D946679EB938}.Release|Any CPU.ActiveCfg = Release|Any CPU
		{101B1084-5121-4206-AA32-D946679EB938}.Release|Any CPU.Build.0 = Release|Any CPU
		{101B1084-5121-4206-AA32-D946679EB938}.Release|x64.ActiveCfg = Release|Any CPU
		{101B1084-5121-4206-AA32-D946679EB938}.Release|x64.Build.0 = Release|Any CPU
		{101B1084-5121-4206-AA32-D946679EB938}.Release|x86.ActiveCfg = Release|Any CPU
		{101B1084-5121-4206-AA32-D946679EB938}.Release|x86.Build.0 = Release|Any CPU
		{46D8F02E-B4A1-424B-8E29-BA248A8EBE91}.Debug|Any CPU.ActiveCfg = Debug|Any CPU
		{46D8F02E-B4A1-424B-8E29-BA248A8EBE91}.Debug|Any CPU.Build.0 = Debug|Any CPU
		{46D8F02E-B4A1-424B-8E29-BA248A8EBE91}.Debug|x64.ActiveCfg = Debug|Any CPU
		{46D8F02E-B4A1-424B-8E29-BA248A8EBE91}.Debug|x64.Build.0 = Debug|Any CPU
		{46D8F02E-B4A1-424B-8E29-BA248A8EBE91}.Debug|x86.ActiveCfg = Debug|Any CPU
		{46D8F02E-B4A1-424B-8E29-BA248A8EBE91}.Debug|x86.Build.0 = Debug|Any CPU
		{46D8F02E-B4A1-424B-8E29-BA248A8EBE91}.Release|Any CPU.ActiveCfg = Release|Any CPU
		{46D8F02E-B4A1-424B-8E29-BA248A8EBE91}.Release|Any CPU.Build.0 = Release|Any CPU
		{46D8F02E-B4A1-424B-8E29-BA248A8EBE91}.Release|x64.ActiveCfg = Release|Any CPU
		{46D8F02E-B4A1-424B-8E29-BA248A8EBE91}.Release|x64.Build.0 = Release|Any CPU
		{46D8F02E-B4A1-424B-8E29-BA248A8EBE91}.Release|x86.ActiveCfg = Release|Any CPU
		{46D8F02E-B4A1-424B-8E29-BA248A8EBE91}.Release|x86.Build.0 = Release|Any CPU
		{9F5DF965-A0C6-4C70-AAFC-747A99E949C8}.Debug|Any CPU.ActiveCfg = Debug|Any CPU
		{9F5DF965-A0C6-4C70-AAFC-747A99E949C8}.Debug|Any CPU.Build.0 = Debug|Any CPU
		{9F5DF965-A0C6-4C70-AAFC-747A99E949C8}.Debug|x64.ActiveCfg = Debug|Any CPU
		{9F5DF965-A0C6-4C70-AAFC-747A99E949C8}.Debug|x64.Build.0 = Debug|Any CPU
		{9F5DF965-A0C6-4C70-AAFC-747A99E949C8}.Debug|x86.ActiveCfg = Debug|Any CPU
		{9F5DF965-A0C6-4C70-AAFC-747A99E949C8}.Debug|x86.Build.0 = Debug|Any CPU
		{9F5DF965-A0C6-4C70-AAFC-747A99E949C8}.Release|Any CPU.ActiveCfg = Release|Any CPU
		{9F5DF965-A0C6-4C70-AAFC-747A99E949C8}.Release|Any CPU.Build.0 = Release|Any CPU
		{9F5DF965-A0C6-4C70-AAFC-747A99E949C8}.Release|x64.ActiveCfg = Release|Any CPU
		{9F5DF965-A0C6-4C70-AAFC-747A99E949C8}.Release|x64.Build.0 = Release|Any CPU
		{9F5DF965-A0C6-4C70-AAFC-747A99E949C8}.Release|x86.ActiveCfg = Release|Any CPU
		{9F5DF965-A0C6-4C70-AAFC-747A99E949C8}.Release|x86.Build.0 = Release|Any CPU
		{FDABF8CF-18AF-40A0-B2DD-85E4311D449C}.Debug|Any CPU.ActiveCfg = Debug|Any CPU
		{FDABF8CF-18AF-40A0-B2DD-85E4311D449C}.Debug|Any CPU.Build.0 = Debug|Any CPU
		{FDABF8CF-18AF-40A0-B2DD-85E4311D449C}.Debug|x64.ActiveCfg = Debug|Any CPU
		{FDABF8CF-18AF-40A0-B2DD-85E4311D449C}.Debug|x64.Build.0 = Debug|Any CPU
		{FDABF8CF-18AF-40A0-B2DD-85E4311D449C}.Debug|x86.ActiveCfg = Debug|Any CPU
		{FDABF8CF-18AF-40A0-B2DD-85E4311D449C}.Debug|x86.Build.0 = Debug|Any CPU
		{FDABF8CF-18AF-40A0-B2DD-85E4311D449C}.Release|Any CPU.ActiveCfg = Release|Any CPU
		{FDABF8CF-18AF-40A0-B2DD-85E4311D449C}.Release|Any CPU.Build.0 = Release|Any CPU
		{FDABF8CF-18AF-40A0-B2DD-85E4311D449C}.Release|x64.ActiveCfg = Release|Any CPU
		{FDABF8CF-18AF-40A0-B2DD-85E4311D449C}.Release|x64.Build.0 = Release|Any CPU
		{FDABF8CF-18AF-40A0-B2DD-85E4311D449C}.Release|x86.ActiveCfg = Release|Any CPU
		{FDABF8CF-18AF-40A0-B2DD-85E4311D449C}.Release|x86.Build.0 = Release|Any CPU
		{803CDA83-5D13-4817-8178-14FF2BEC33AD}.Debug|Any CPU.ActiveCfg = Debug|Any CPU
		{803CDA83-5D13-4817-8178-14FF2BEC33AD}.Debug|Any CPU.Build.0 = Debug|Any CPU
		{803CDA83-5D13-4817-8178-14FF2BEC33AD}.Debug|x64.ActiveCfg = Debug|Any CPU
		{803CDA83-5D13-4817-8178-14FF2BEC33AD}.Debug|x64.Build.0 = Debug|Any CPU
		{803CDA83-5D13-4817-8178-14FF2BEC33AD}.Debug|x86.ActiveCfg = Debug|Any CPU
		{803CDA83-5D13-4817-8178-14FF2BEC33AD}.Debug|x86.Build.0 = Debug|Any CPU
		{803CDA83-5D13-4817-8178-14FF2BEC33AD}.Release|Any CPU.ActiveCfg = Release|Any CPU
		{803CDA83-5D13-4817-8178-14FF2BEC33AD}.Release|Any CPU.Build.0 = Release|Any CPU
		{803CDA83-5D13-4817-8178-14FF2BEC33AD}.Release|x64.ActiveCfg = Release|Any CPU
		{803CDA83-5D13-4817-8178-14FF2BEC33AD}.Release|x64.Build.0 = Release|Any CPU
		{803CDA83-5D13-4817-8178-14FF2BEC33AD}.Release|x86.ActiveCfg = Release|Any CPU
		{803CDA83-5D13-4817-8178-14FF2BEC33AD}.Release|x86.Build.0 = Release|Any CPU
		{FBA215B5-FEE4-4913-B2D9-DBAFB8243D1F}.Debug|Any CPU.ActiveCfg = Debug|Any CPU
		{FBA215B5-FEE4-4913-B2D9-DBAFB8243D1F}.Debug|Any CPU.Build.0 = Debug|Any CPU
		{FBA215B5-FEE4-4913-B2D9-DBAFB8243D1F}.Debug|x64.ActiveCfg = Debug|Any CPU
		{FBA215B5-FEE4-4913-B2D9-DBAFB8243D1F}.Debug|x64.Build.0 = Debug|Any CPU
		{FBA215B5-FEE4-4913-B2D9-DBAFB8243D1F}.Debug|x86.ActiveCfg = Debug|Any CPU
		{FBA215B5-FEE4-4913-B2D9-DBAFB8243D1F}.Debug|x86.Build.0 = Debug|Any CPU
		{FBA215B5-FEE4-4913-B2D9-DBAFB8243D1F}.Release|Any CPU.ActiveCfg = Release|Any CPU
		{FBA215B5-FEE4-4913-B2D9-DBAFB8243D1F}.Release|Any CPU.Build.0 = Release|Any CPU
		{FBA215B5-FEE4-4913-B2D9-DBAFB8243D1F}.Release|x64.ActiveCfg = Release|Any CPU
		{FBA215B5-FEE4-4913-B2D9-DBAFB8243D1F}.Release|x64.Build.0 = Release|Any CPU
		{FBA215B5-FEE4-4913-B2D9-DBAFB8243D1F}.Release|x86.ActiveCfg = Release|Any CPU
		{FBA215B5-FEE4-4913-B2D9-DBAFB8243D1F}.Release|x86.Build.0 = Release|Any CPU
		{E582E879-23FB-42ED-ACBF-854E04D47984}.Debug|Any CPU.ActiveCfg = Debug|Any CPU
		{E582E879-23FB-42ED-ACBF-854E04D47984}.Debug|Any CPU.Build.0 = Debug|Any CPU
		{E582E879-23FB-42ED-ACBF-854E04D47984}.Debug|x64.ActiveCfg = Debug|Any CPU
		{E582E879-23FB-42ED-ACBF-854E04D47984}.Debug|x64.Build.0 = Debug|Any CPU
		{E582E879-23FB-42ED-ACBF-854E04D47984}.Debug|x86.ActiveCfg = Debug|Any CPU
		{E582E879-23FB-42ED-ACBF-854E04D47984}.Debug|x86.Build.0 = Debug|Any CPU
		{E582E879-23FB-42ED-ACBF-854E04D47984}.Release|Any CPU.ActiveCfg = Release|Any CPU
		{E582E879-23FB-42ED-ACBF-854E04D47984}.Release|Any CPU.Build.0 = Release|Any CPU
		{E582E879-23FB-42ED-ACBF-854E04D47984}.Release|x64.ActiveCfg = Release|Any CPU
		{E582E879-23FB-42ED-ACBF-854E04D47984}.Release|x64.Build.0 = Release|Any CPU
		{E582E879-23FB-42ED-ACBF-854E04D47984}.Release|x86.ActiveCfg = Release|Any CPU
		{E582E879-23FB-42ED-ACBF-854E04D47984}.Release|x86.Build.0 = Release|Any CPU
		{777F42E4-39BD-419D-ADBE-A49A786BC742}.Debug|Any CPU.ActiveCfg = Debug|Any CPU
		{777F42E4-39BD-419D-ADBE-A49A786BC742}.Debug|Any CPU.Build.0 = Debug|Any CPU
		{777F42E4-39BD-419D-ADBE-A49A786BC742}.Debug|x64.ActiveCfg = Debug|Any CPU
		{777F42E4-39BD-419D-ADBE-A49A786BC742}.Debug|x64.Build.0 = Debug|Any CPU
		{777F42E4-39BD-419D-ADBE-A49A786BC742}.Debug|x86.ActiveCfg = Debug|Any CPU
		{777F42E4-39BD-419D-ADBE-A49A786BC742}.Debug|x86.Build.0 = Debug|Any CPU
		{777F42E4-39BD-419D-ADBE-A49A786BC742}.Release|Any CPU.ActiveCfg = Release|Any CPU
		{777F42E4-39BD-419D-ADBE-A49A786BC742}.Release|Any CPU.Build.0 = Release|Any CPU
		{777F42E4-39BD-419D-ADBE-A49A786BC742}.Release|x64.ActiveCfg = Release|Any CPU
		{777F42E4-39BD-419D-ADBE-A49A786BC742}.Release|x64.Build.0 = Release|Any CPU
		{777F42E4-39BD-419D-ADBE-A49A786BC742}.Release|x86.ActiveCfg = Release|Any CPU
		{777F42E4-39BD-419D-ADBE-A49A786BC742}.Release|x86.Build.0 = Release|Any CPU
		{3737CEC7-8107-44CB-9A5D-1C814FA6AD6D}.Debug|Any CPU.ActiveCfg = Debug|Any CPU
		{3737CEC7-8107-44CB-9A5D-1C814FA6AD6D}.Debug|Any CPU.Build.0 = Debug|Any CPU
		{3737CEC7-8107-44CB-9A5D-1C814FA6AD6D}.Debug|x64.ActiveCfg = Debug|Any CPU
		{3737CEC7-8107-44CB-9A5D-1C814FA6AD6D}.Debug|x64.Build.0 = Debug|Any CPU
		{3737CEC7-8107-44CB-9A5D-1C814FA6AD6D}.Debug|x86.ActiveCfg = Debug|Any CPU
		{3737CEC7-8107-44CB-9A5D-1C814FA6AD6D}.Debug|x86.Build.0 = Debug|Any CPU
		{3737CEC7-8107-44CB-9A5D-1C814FA6AD6D}.Release|Any CPU.ActiveCfg = Release|Any CPU
		{3737CEC7-8107-44CB-9A5D-1C814FA6AD6D}.Release|Any CPU.Build.0 = Release|Any CPU
		{3737CEC7-8107-44CB-9A5D-1C814FA6AD6D}.Release|x64.ActiveCfg = Release|Any CPU
		{3737CEC7-8107-44CB-9A5D-1C814FA6AD6D}.Release|x64.Build.0 = Release|Any CPU
		{3737CEC7-8107-44CB-9A5D-1C814FA6AD6D}.Release|x86.ActiveCfg = Release|Any CPU
		{3737CEC7-8107-44CB-9A5D-1C814FA6AD6D}.Release|x86.Build.0 = Release|Any CPU
		{B90BB81C-330A-4AFF-8391-C9DB39553EBC}.Debug|Any CPU.ActiveCfg = Debug|Any CPU
		{B90BB81C-330A-4AFF-8391-C9DB39553EBC}.Debug|Any CPU.Build.0 = Debug|Any CPU
		{B90BB81C-330A-4AFF-8391-C9DB39553EBC}.Debug|x64.ActiveCfg = Debug|Any CPU
		{B90BB81C-330A-4AFF-8391-C9DB39553EBC}.Debug|x64.Build.0 = Debug|Any CPU
		{B90BB81C-330A-4AFF-8391-C9DB39553EBC}.Debug|x86.ActiveCfg = Debug|Any CPU
		{B90BB81C-330A-4AFF-8391-C9DB39553EBC}.Debug|x86.Build.0 = Debug|Any CPU
		{B90BB81C-330A-4AFF-8391-C9DB39553EBC}.Release|Any CPU.ActiveCfg = Release|Any CPU
		{B90BB81C-330A-4AFF-8391-C9DB39553EBC}.Release|Any CPU.Build.0 = Release|Any CPU
		{B90BB81C-330A-4AFF-8391-C9DB39553EBC}.Release|x64.ActiveCfg = Release|Any CPU
		{B90BB81C-330A-4AFF-8391-C9DB39553EBC}.Release|x64.Build.0 = Release|Any CPU
		{B90BB81C-330A-4AFF-8391-C9DB39553EBC}.Release|x86.ActiveCfg = Release|Any CPU
		{B90BB81C-330A-4AFF-8391-C9DB39553EBC}.Release|x86.Build.0 = Release|Any CPU
		{3091111C-7E56-4235-A9CA-C8762271DB57}.Debug|Any CPU.ActiveCfg = Debug|Any CPU
		{3091111C-7E56-4235-A9CA-C8762271DB57}.Debug|Any CPU.Build.0 = Debug|Any CPU
		{3091111C-7E56-4235-A9CA-C8762271DB57}.Debug|x64.ActiveCfg = Debug|Any CPU
		{3091111C-7E56-4235-A9CA-C8762271DB57}.Debug|x64.Build.0 = Debug|Any CPU
		{3091111C-7E56-4235-A9CA-C8762271DB57}.Debug|x86.ActiveCfg = Debug|Any CPU
		{3091111C-7E56-4235-A9CA-C8762271DB57}.Debug|x86.Build.0 = Debug|Any CPU
		{3091111C-7E56-4235-A9CA-C8762271DB57}.Release|Any CPU.ActiveCfg = Release|Any CPU
		{3091111C-7E56-4235-A9CA-C8762271DB57}.Release|Any CPU.Build.0 = Release|Any CPU
		{3091111C-7E56-4235-A9CA-C8762271DB57}.Release|x64.ActiveCfg = Release|Any CPU
		{3091111C-7E56-4235-A9CA-C8762271DB57}.Release|x64.Build.0 = Release|Any CPU
		{3091111C-7E56-4235-A9CA-C8762271DB57}.Release|x86.ActiveCfg = Release|Any CPU
		{3091111C-7E56-4235-A9CA-C8762271DB57}.Release|x86.Build.0 = Release|Any CPU
	EndGlobalSection
	GlobalSection(SolutionProperties) = preSolution
		HideSolutionNode = FALSE
	EndGlobalSection
	GlobalSection(ExtensibilityGlobals) = postSolution
		SolutionGuid = {B57AA746-FBC1-42AF-8C3A-8B58DFC061B0}
	EndGlobalSection
EndGlobal
